
Microsoft Visual Studio Solution File, Format Version 12.00
# Visual Studio Version 17
VisualStudioVersion = 17.5.33424.131
MinimumVisualStudioVersion = 10.0.40219.1
Project("{FAE04EC0-301F-11D3-BF4B-00C04F79EFBC}") = "EmployeesWageComputation", "EmployeesWageComputation.csproj", "{76FE7B74-AB0D-4E48-BA5D-D76A58F72E30}"
EndProject
Global
	GlobalSection(SolutionConfigurationPlatforms) = preSolution
		Debug|Any CPU = Debug|Any CPU
		Release|Any CPU = Release|Any CPU
	EndGlobalSection
	GlobalSection(ProjectConfigurationPlatforms) = postSolution
		{76FE7B74-AB0D-4E48-BA5D-D76A58F72E30}.Debug|Any CPU.ActiveCfg = Debug|Any CPU
		{76FE7B74-AB0D-4E48-BA5D-D76A58F72E30}.Debug|Any CPU.Build.0 = Debug|Any CPU
		{76FE7B74-AB0D-4E48-BA5D-D76A58F72E30}.Release|Any CPU.ActiveCfg = Release|Any CPU
		{76FE7B74-AB0D-4E48-BA5D-D76A58F72E30}.Release|Any CPU.Build.0 = Release|Any CPU
	EndGlobalSection
	GlobalSection(SolutionProperties) = preSolution
		HideSolutionNode = FALSE
	EndGlobalSection
	GlobalSection(ExtensibilityGlobals) = postSolution
		SolutionGuid = {9F2AE66F-73EA-4A26-9636-5A558388E0B0}
	EndGlobalSection
EndGlobal
